
Microsoft Visual Studio Solution File, Format Version 12.00
# Visual Studio Version 17
VisualStudioVersion = 17.3.32922.545
MinimumVisualStudioVersion = 10.0.40219.1
Project("{FAE04EC0-301F-11D3-BF4B-00C04F79EFBC}") = "SearchableFirebase", "SearchableFirebase\SearchableFirebase.csproj", "{F11F8B09-4273-48D7-8222-E44269C77227}"
EndProject
Global
	GlobalSection(SolutionConfigurationPlatforms) = preSolution
		Debug|Any CPU = Debug|Any CPU
		Release|Any CPU = Release|Any CPU
	EndGlobalSection
	GlobalSection(ProjectConfigurationPlatforms) = postSolution
		{F11F8B09-4273-48D7-8222-E44269C77227}.Debug|Any CPU.ActiveCfg = Debug|Any CPU
		{F11F8B09-4273-48D7-8222-E44269C77227}.Debug|Any CPU.Build.0 = Debug|Any CPU
		{F11F8B09-4273-48D7-8222-E44269C77227}.Debug|Any CPU.Deploy.0 = Debug|Any CPU
		{F11F8B09-4273-48D7-8222-E44269C77227}.Release|Any CPU.ActiveCfg = Release|Any CPU
		{F11F8B09-4273-48D7-8222-E44269C77227}.Release|Any CPU.Build.0 = Release|Any CPU
		{F11F8B09-4273-48D7-8222-E44269C77227}.Release|Any CPU.Deploy.0 = Release|Any CPU
	EndGlobalSection
	GlobalSection(SolutionProperties) = preSolution
		HideSolutionNode = FALSE
	EndGlobalSection
	GlobalSection(ExtensibilityGlobals) = postSolution
		SolutionGuid = {5055692C-9F54-4DE6-9718-E7FBB034446A}
	EndGlobalSection
EndGlobal
